// !$*UTF8*$!
{
	archiveVersion = 1;
	classes = {
	};
	objectVersion = 50;
	objects = {

/* Begin PBXBuildFile section */
		444E785A23705AD800B14CBB /* AppDelegate.swift in Sources */ = {isa = PBXBuildFile; fileRef = 444E785923705AD800B14CBB /* AppDelegate.swift */; };
		444E785C23705AD800B14CBB /* SceneDelegate.swift in Sources */ = {isa = PBXBuildFile; fileRef = 444E785B23705AD800B14CBB /* SceneDelegate.swift */; };
		444E785E23705AD800B14CBB /* ContentView.swift in Sources */ = {isa = PBXBuildFile; fileRef = 444E785D23705AD800B14CBB /* ContentView.swift */; };
		444E786023705ADA00B14CBB /* Assets.xcassets in Resources */ = {isa = PBXBuildFile; fileRef = 444E785F23705ADA00B14CBB /* Assets.xcassets */; };
		444E786323705ADA00B14CBB /* Preview Assets.xcassets in Resources */ = {isa = PBXBuildFile; fileRef = 444E786223705ADA00B14CBB /* Preview Assets.xcassets */; };
		444E786623705ADA00B14CBB /* LaunchScreen.storyboard in Resources */ = {isa = PBXBuildFile; fileRef = 444E786423705ADA00B14CBB /* LaunchScreen.storyboard */; };
/* End PBXBuildFile section */

/* Begin PBXFileReference section */
		444E785623705AD800B14CBB /* WeSplit_Sandox.app */ = {isa = PBXFileReference; explicitFileType = wrapper.application; includeInIndex = 0; path = WeSplit_Sandox.app; sourceTree = BUILT_PRODUCTS_DIR; };
		444E785923705AD800B14CBB /* AppDelegate.swift */ = {isa = PBXFileReference; lastKnownFileType = sourcecode.swift; path = AppDelegate.swift; sourceTree = "<group>"; };
		444E785B23705AD800B14CBB /* SceneDelegate.swift */ = {isa = PBXFileReference; lastKnownFileType = sourcecode.swift; path = SceneDelegate.swift; sourceTree = "<group>"; };
		444E785D23705AD800B14CBB /* ContentView.swift */ = {isa = PBXFileReference; lastKnownFileType = sourcecode.swift; path = ContentView.swift; sourceTree = "<group>"; };
		444E785F23705ADA00B14CBB /* Assets.xcassets */ = {isa = PBXFileReference; lastKnownFileType = folder.assetcatalog; path = Assets.xcassets; sourceTree = "<group>"; };
		444E786223705ADA00B14CBB /* Preview Assets.xcassets */ = {isa = PBXFileReference; lastKnownFileType = folder.assetcatalog; path = "Preview Assets.xcassets"; sourceTree = "<group>"; };
		444E786523705ADA00B14CBB /* Base */ = {isa = PBXFileReference; lastKnownFileType = file.storyboard; name = Base; path = Base.lproj/LaunchScreen.storyboard; sourceTree = "<group>"; };
		444E786723705ADA00B14CBB /* Info.plist */ = {isa = PBXFileReference; lastKnownFileType = text.plist.xml; path = Info.plist; sourceTree = "<group>"; };
/* End PBXFileReference section */

/* Begin PBXFrameworksBuildPhase section */
		444E785323705AD800B14CBB /* Frameworks */ = {
			isa = PBXFrameworksBuildPhase;
			buildActionMask = 2147483647;
			files = (
			);
			runOnlyForDeploymentPostprocessing = 0;
		};
/* End PBXFrameworksBuildPhase section */

/* Begin PBXGroup section */
		444E784D23705AD800B14CBB = {
			isa = PBXGroup;
			children = (
				444E785823705AD800B14CBB /* WeSplit_Sandox */,
				444E785723705AD800B14CBB /* Products */,
			);
			sourceTree = "<group>";
		};
		444E785723705AD800B14CBB /* Products */ = {
			isa = PBXGroup;
			children = (
				444E785623705AD800B14CBB /* WeSplit_Sandox.app */,
			);
			name = Products;
			sourceTree = "<group>";
		};
		444E785823705AD800B14CBB /* WeSplit_Sandox */ = {
			isa = PBXGroup;
			children = (
				444E785923705AD800B14CBB /* AppDelegate.swift */,
				444E785B23705AD800B14CBB /* SceneDelegate.swift */,
				444E785D23705AD800B14CBB /* ContentView.swift */,
				444E785F23705ADA00B14CBB /* Assets.xcassets */,
				444E786423705ADA00B14CBB /* LaunchScreen.storyboard */,
				444E786723705ADA00B14CBB /* Info.plist */,
				444E786123705ADA00B14CBB /* Preview Content */,
			);
			path = WeSplit_Sandox;
			sourceTree = "<group>";
		};
		444E786123705ADA00B14CBB /* Preview Content */ = {
			isa = PBXGroup;
			children = (
				444E786223705ADA00B14CBB /* Preview Assets.xcassets */,
			);
			path = "Preview Content";
			sourceTree = "<group>";
		};
/* End PBXGroup section */

/* Begin PBXNativeTarget section */
		444E785523705AD800B14CBB /* WeSplit_Sandox */ = {
			isa = PBXNativeTarget;
			buildConfigurationList = 444E786A23705ADA00B14CBB /* Build configuration list for PBXNativeTarget "WeSplit_Sandox" */;
			buildPhases = (
				444E785223705AD800B14CBB /* Sources */,
				444E785323705AD800B14CBB /* Frameworks */,
				444E785423705AD800B14CBB /* Resources */,
			);
			buildRules = (
			);
			dependencies = (
			);
			name = WeSplit_Sandox;
			productName = WeSplit_Sandox;
			productReference = 444E785623705AD800B14CBB /* WeSplit_Sandox.app */;
			productType = "com.apple.product-type.application";
		};
/* End PBXNativeTarget section */

/* Begin PBXProject section */
		444E784E23705AD800B14CBB /* Project object */ = {
			isa = PBXProject;
			attributes = {
				LastSwiftUpdateCheck = 1110;
				LastUpgradeCheck = 1110;
				ORGANIZATIONNAME = Mati;
				TargetAttributes = {
					444E785523705AD800B14CBB = {
						CreatedOnToolsVersion = 11.1;
					};
				};
			};
			buildConfigurationList = 444E785123705AD800B14CBB /* Build configuration list for PBXProject "WeSplit_Sandox" */;
			compatibilityVersion = "Xcode 9.3";
			developmentRegion = en;
			hasScannedForEncodings = 0;
			knownRegions = (
				en,
				Base,
			);
			mainGroup = 444E784D23705AD800B14CBB;
			productRefGroup = 444E785723705AD800B14CBB /* Products */;
			projectDirPath = "";
			projectRoot = "";
			targets = (
				444E785523705AD800B14CBB /* WeSplit_Sandox */,
			);
		};
/* End PBXProject section */

/* Begin PBXResourcesBuildPhase section */
		444E785423705AD800B14CBB /* Resources */ = {
			isa = PBXResourcesBuildPhase;
			buildActionMask = 2147483647;
			files = (
				444E786623705ADA00B14CBB /* LaunchScreen.storyboard in Resources */,
				444E786323705ADA00B14CBB /* Preview Assets.xcassets in Resources */,
				444E786023705ADA00B14CBB /* Assets.xcassets in Resources */,
			);
			runOnlyForDeploymentPostprocessing = 0;
		};
/* End PBXResourcesBuildPhase section */

/* Begin PBXSourcesBuildPhase section */
		444E785223705AD800B14CBB /* Sources */ = {
			isa = PBXSourcesBuildPhase;
			buildActionMask = 2147483647;
			files = (
				444E785A23705AD800B14CBB /* AppDelegate.swift in Sources */,
				444E785C23705AD800B14CBB /* SceneDelegate.swift in Sources */,
				444E785E23705AD800B14CBB /* ContentView.swift in Sources */,
			);
			runOnlyForDeploymentPostprocessing = 0;
		};
/* End PBXSourcesBuildPhase section */

/* Begin PBXVariantGroup section */
		444E786423705ADA00B14CBB /* LaunchScreen.storyboard */ = {
			isa = PBXVariantGroup;
			children = (
				444E786523705ADA00B14CBB /* Base */,
			);
			name = LaunchScreen.storyboard;
			sourceTree = "<group>";
		};
/* End PBXVariantGroup section */

/* Begin XCBuildConfiguration section */
		444E786823705ADA00B14CBB /* Debug */ = {
			isa = XCBuildConfiguration;
			buildSettings = {
				ALWAYS_SEARCH_USER_PATHS = NO;
				CLANG_ANALYZER_NONNULL = YES;
				CLANG_ANALYZER_NUMBER_OBJECT_CONVERSION = YES_AGGRESSIVE;
				CLANG_CXX_LANGUAGE_STANDARD = "gnu++14";
				CLANG_CXX_LIBRARY = "libc++";
				CLANG_ENABLE_MODULES = YES;
				CLANG_ENABLE_OBJC_ARC = YES;
				CLANG_ENABLE_OBJC_WEAK = YES;
				CLANG_WARN_BLOCK_CAPTURE_AUTORELEASING = YES;
				CLANG_WARN_BOOL_CONVERSION = YES;
				CLANG_WARN_COMMA = YES;
				CLANG_WARN_CONSTANT_CONVERSION = YES;
				CLANG_WARN_DEPRECATED_OBJC_IMPLEMENTATIONS = YES;
				CLANG_WARN_DIRECT_OBJC_ISA_USAGE = YES_ERROR;
				CLANG_WARN_DOCUMENTATION_COMMENTS = YES;
				CLANG_WARN_EMPTY_BODY = YES;
				CLANG_WARN_ENUM_CONVERSION = YES;
				CLANG_WARN_INFINITE_RECURSION = YES;
				CLANG_WARN_INT_CONVERSION = YES;
				CLANG_WARN_NON_LITERAL_NULL_CONVERSION = YES;
				CLANG_WARN_OBJC_IMPLICIT_RETAIN_SELF = YES;
				CLANG_WARN_OBJC_LITERAL_CONVERSION = YES;
				CLANG_WARN_OBJC_ROOT_CLASS = YES_ERROR;
				CLANG_WARN_RANGE_LOOP_ANALYSIS = YES;
				CLANG_WARN_STRICT_PROTOTYPES = YES;
				CLANG_WARN_SUSPICIOUS_MOVE = YES;
				CLANG_WARN_UNGUARDED_AVAILABILITY = YES_AGGRESSIVE;
				CLANG_WARN_UNREACHABLE_CODE = YES;
				CLANG_WARN__DUPLICATE_METHOD_MATCH = YES;
				COPY_PHASE_STRIP = NO;
				DEBUG_INFORMATION_FORMAT = dwarf;
				ENABLE_STRICT_OBJC_MSGSEND = YES;
				ENABLE_TESTABILITY = YES;
				GCC_C_LANGUAGE_STANDARD = gnu11;
				GCC_DYNAMIC_NO_PIC = NO;
				GCC_NO_COMMON_BLOCKS = YES;
				GCC_OPTIMIZATION_LEVEL = 0;
				GCC_PREPROCESSOR_DEFINITIONS = (
					"DEBUG=1",
					"$(inherited)",
				);
				GCC_WARN_64_TO_32_BIT_CONVERSION = YES;
				GCC_WARN_ABOUT_RETURN_TYPE = YES_ERROR;
				GCC_WARN_UNDECLARED_SELECTOR = YES;
				GCC_WARN_UNINITIALIZED_AUTOS = YES_AGGRESSIVE;
				GCC_WARN_UNUSED_FUNCTION = YES;
				GCC_WARN_UNUSED_VARIABLE = YES;
				IPHONEOS_DEPLOYMENT_TARGET = 13.1;
				MTL_ENABLE_DEBUG_INFO = INCLUDE_SOURCE;
				MTL_FAST_MATH = YES;
				ONLY_ACTIVE_ARCH = YES;
				SDKROOT = iphoneos;
				SWIFT_ACTIVE_COMPILATION_CONDITIONS = DEBUG;
				SWIFT_OPTIMIZATION_LEVEL = "-Onone";
			};
			name = Debug;
		};
		444E786923705ADA00B14CBB /* Release */ = {
			isa = XCBuildConfiguration;
			buildSettings = {
				ALWAYS_SEARCH_USER_PATHS = NO;
				CLANG_ANALYZER_NONNULL = YES;
				CLANG_ANALYZER_NUMBER_OBJECT_CONVERSION = YES_AGGRESSIVE;
				CLANG_CXX_LANGUAGE_STANDARD = "gnu++14";
				CLANG_CXX_LIBRARY = "libc++";
				CLANG_ENABLE_MODULES = YES;
				CLANG_ENABLE_OBJC_ARC = YES;
				CLANG_ENABLE_OBJC_WEAK = YES;
				CLANG_WARN_BLOCK_CAPTURE_AUTORELEASING = YES;
				CLANG_WARN_BOOL_CONVERSION = YES;
				CLANG_WARN_COMMA = YES;
				CLANG_WARN_CONSTANT_CONVERSION = YES;
				CLANG_WARN_DEPRECATED_OBJC_IMPLEMENTATIONS = YES;
				CLANG_WARN_DIRECT_OBJC_ISA_USAGE = YES_ERROR;
				CLANG_WARN_DOCUMENTATION_COMMENTS = YES;
				CLANG_WARN_EMPTY_BODY = YES;
				CLANG_WARN_ENUM_CONVERSION = YES;
				CLANG_WARN_INFINITE_RECURSION = YES;
				CLANG_WARN_INT_CONVERSION = YES;
				CLANG_WARN_NON_LITERAL_NULL_CONVERSION = YES;
				CLANG_WARN_OBJC_IMPLICIT_RETAIN_SELF = YES;
				CLANG_WARN_OBJC_LITERAL_CONVERSION = YES;
				CLANG_WARN_OBJC_ROOT_CLASS = YES_ERROR;
				CLANG_WARN_RANGE_LOOP_ANALYSIS = YES;
				CLANG_WARN_STRICT_PROTOTYPES = YES;
				CLANG_WARN_SUSPICIOUS_MOVE = YES;
				CLANG_WARN_UNGUARDED_AVAILABILITY = YES_AGGRESSIVE;
				CLANG_WARN_UNREACHABLE_CODE = YES;
				CLANG_WARN__DUPLICATE_METHOD_MATCH = YES;
				COPY_PHASE_STRIP = NO;
				DEBUG_INFORMATION_FORMAT = "dwarf-with-dsym";
				ENABLE_NS_ASSERTIONS = NO;
				ENABLE_STRICT_OBJC_MSGSEND = YES;
				GCC_C_LANGUAGE_STANDARD = gnu11;
				GCC_NO_COMMON_BLOCKS = YES;
				GCC_WARN_64_TO_32_BIT_CONVERSION = YES;
				GCC_WARN_ABOUT_RETURN_TYPE = YES_ERROR;
				GCC_WARN_UNDECLARED_SELECTOR = YES;
				GCC_WARN_UNINITIALIZED_AUTOS = YES_AGGRESSIVE;
				GCC_WARN_UNUSED_FUNCTION = YES;
				GCC_WARN_UNUSED_VARIABLE = YES;
				IPHONEOS_DEPLOYMENT_TARGET = 13.1;
				MTL_ENABLE_DEBUG_INFO = NO;
				MTL_FAST_MATH = YES;
				SDKROOT = iphoneos;
				SWIFT_COMPILATION_MODE = wholemodule;
				SWIFT_OPTIMIZATION_LEVEL = "-O";
				VALIDATE_PRODUCT = YES;
			};
			name = Release;
		};
		444E786B23705ADA00B14CBB /* Debug */ = {
			isa = XCBuildConfiguration;
			buildSettings = {
				ASSETCATALOG_COMPILER_APPICON_NAME = AppIcon;
				CODE_SIGN_STYLE = Automatic;
				DEVELOPMENT_ASSET_PATHS = "\"WeSplit_Sandox/Preview Content\"";
				DEVELOPMENT_TEAM = MWJDF2D947;
				ENABLE_PREVIEWS = YES;
				INFOPLIST_FILE = WeSplit_Sandox/Info.plist;
				LD_RUNPATH_SEARCH_PATHS = (
					"$(inherited)",
					"@executable_path/Frameworks",
				);
				PRODUCT_BUNDLE_IDENTIFIER = "com.pgrsoft.WeSplit-Sandox";
				PRODUCT_NAME = "$(TARGET_NAME)";
				SWIFT_VERSION = 5.0;
				TARGETED_DEVICE_FAMILY = "1,2";
			};
			name = Debug;
		};
		444E786C23705ADA00B14CBB /* Release */ = {
			isa = XCBuildConfiguration;
			buildSettings = {
				ASSETCATALOG_COMPILER_APPICON_NAME = AppIcon;
				CODE_SIGN_STYLE = Automatic;
				DEVELOPMENT_ASSET_PATHS = "\"WeSplit_Sandox/Preview Content\"";
				DEVELOPMENT_TEAM = MWJDF2D947;
				ENABLE_PREVIEWS = YES;
				INFOPLIST_FILE = WeSplit_Sandox/Info.plist;
				LD_RUNPATH_SEARCH_PATHS = (
					"$(inherited)",
					"@executable_path/Frameworks",
				);
				PRODUCT_BUNDLE_IDENTIFIER = "com.pgrsoft.WeSplit-Sandox";
				PRODUCT_NAME = "$(TARGET_NAME)";
				SWIFT_VERSION = 5.0;
				TARGETED_DEVICE_FAMILY = "1,2";
			};
			name = Release;
		};
/* End XCBuildConfiguration section */

/* Begin XCConfigurationList section */
		444E785123705AD800B14CBB /* Build configuration list for PBXProject "WeSplit_Sandox" */ = {
			isa = XCConfigurationList;
			buildConfigurations = (
				444E786823705ADA00B14CBB /* Debug */,
				444E786923705ADA00B14CBB /* Release */,
			);
			defaultConfigurationIsVisible = 0;
			defaultConfigurationName = Release;
		};
		444E786A23705ADA00B14CBB /* Build configuration list for PBXNativeTarget "WeSplit_Sandox" */ = {
			isa = XCConfigurationList;
			buildConfigurations = (
				444E786B23705ADA00B14CBB /* Debug */,
				444E786C23705ADA00B14CBB /* Release */,
			);
			defaultConfigurationIsVisible = 0;
			defaultConfigurationName = Release;
		};
/* End XCConfigurationList section */
	};
	rootObject = 444E784E23705AD800B14CBB /* Project object */;
}
